
Microsoft Visual Studio Solution File, Format Version 12.00
# Visual Studio 15
VisualStudioVersion = 15.0.27703.2026
MinimumVisualStudioVersion = 10.0.40219.1
Project("{FAE04EC0-301F-11D3-BF4B-00C04F79EFBC}") = "PokecordCatcher", "PokecordCatcher\PokecordCatcher.csproj", "{307051AF-F07F-4652-9435-A25FEAF61088}"
EndProject
Project("{FAE04EC0-301F-11D3-BF4B-00C04F79EFBC}") = "HashGenerator", "HashComputer\HashGenerator.csproj", "{0BFF9378-C44A-4A3E-812F-7FEF78CA5665}"
EndProject
Global
	GlobalSection(SolutionConfigurationPlatforms) = preSolution
		Debug|Any CPU = Debug|Any CPU
		Release|Any CPU = Release|Any CPU
	EndGlobalSection
	GlobalSection(ProjectConfigurationPlatforms) = postSolution
		{307051AF-F07F-4652-9435-A25FEAF61088}.Debug|Any CPU.ActiveCfg = Debug|Any CPU
		{307051AF-F07F-4652-9435-A25FEAF61088}.Debug|Any CPU.Build.0 = Debug|Any CPU
		{307051AF-F07F-4652-9435-A25FEAF61088}.Release|Any CPU.ActiveCfg = Release|Any CPU
		{307051AF-F07F-4652-9435-A25FEAF61088}.Release|Any CPU.Build.0 = Release|Any CPU
		{0BFF9378-C44A-4A3E-812F-7FEF78CA5665}.Debug|Any CPU.ActiveCfg = Debug|Any CPU
		{0BFF9378-C44A-4A3E-812F-7FEF78CA5665}.Debug|Any CPU.Build.0 = Debug|Any CPU
		{0BFF9378-C44A-4A3E-812F-7FEF78CA5665}.Release|Any CPU.ActiveCfg = Release|Any CPU
		{0BFF9378-C44A-4A3E-812F-7FEF78CA5665}.Release|Any CPU.Build.0 = Release|Any CPU
	EndGlobalSection
	GlobalSection(SolutionProperties) = preSolution
		HideSolutionNode = FALSE
	EndGlobalSection
	GlobalSection(ExtensibilityGlobals) = postSolution
		SolutionGuid = {8EFFFDEF-B9C3-44D2-807F-16C5EDD12513}
	EndGlobalSection
EndGlobal
